
Microsoft Visual Studio Solution File, Format Version 12.00
# 
Project("{2150E333-8FDC-42A3-9474-1A3956D46DE8}") = "src", "src", "{D71E2049-B75E-41F0-83D8-DCD72F86E69B}"
EndProject
Project("{FAE04EC0-301F-11D3-BF4B-00C04F79EFBC}") = "JsonWebToken.Authentication", "src\JsonWebToken.Authentication\JsonWebToken.Authentication.csproj", "{A6CBCF17-9D96-4BC5-8079-8FD2172AEA24}"
EndProject
Project("{2150E333-8FDC-42A3-9474-1A3956D46DE8}") = "test", "test", "{929D6505-15DA-4B69-B6F8-392A16C3489B}"
EndProject
Project("{FAE04EC0-301F-11D3-BF4B-00C04F79EFBC}") = "JsonWebTokenAuthentication.Test", "test\JsonWebTokenAuthentication.Test\JsonWebTokenAuthentication.Test.csproj", "{ECB5E7E9-D10E-4217-910C-17750FEE3D26}"
EndProject
Global
	GlobalSection(SolutionConfigurationPlatforms) = preSolution
		Debug|Any CPU = Debug|Any CPU
		Release|Any CPU = Release|Any CPU
	EndGlobalSection
	GlobalSection(ProjectConfigurationPlatforms) = postSolution
		{A6CBCF17-9D96-4BC5-8079-8FD2172AEA24}.Debug|Any CPU.ActiveCfg = Debug|Any CPU
		{A6CBCF17-9D96-4BC5-8079-8FD2172AEA24}.Debug|Any CPU.Build.0 = Debug|Any CPU
		{A6CBCF17-9D96-4BC5-8079-8FD2172AEA24}.Release|Any CPU.ActiveCfg = Release|Any CPU
		{A6CBCF17-9D96-4BC5-8079-8FD2172AEA24}.Release|Any CPU.Build.0 = Release|Any CPU
		{ECB5E7E9-D10E-4217-910C-17750FEE3D26}.Debug|Any CPU.ActiveCfg = Debug|Any CPU
		{ECB5E7E9-D10E-4217-910C-17750FEE3D26}.Debug|Any CPU.Build.0 = Debug|Any CPU
		{ECB5E7E9-D10E-4217-910C-17750FEE3D26}.Release|Any CPU.ActiveCfg = Release|Any CPU
		{ECB5E7E9-D10E-4217-910C-17750FEE3D26}.Release|Any CPU.Build.0 = Release|Any CPU
	EndGlobalSection
	GlobalSection(NestedProjects) = preSolution
		{A6CBCF17-9D96-4BC5-8079-8FD2172AEA24} = {D71E2049-B75E-41F0-83D8-DCD72F86E69B}
		{ECB5E7E9-D10E-4217-910C-17750FEE3D26} = {929D6505-15DA-4B69-B6F8-392A16C3489B}
	EndGlobalSection
EndGlobal
